
Microsoft Visual Studio Solution File, Format Version 12.00
# Visual Studio Version 17
VisualStudioVersion = 17.5.002.0
MinimumVisualStudioVersion = 10.0.40219.1
Project("{9A19103F-16F7-4668-BE54-9A1E7A4F7556}") = "SleingList", "SleingList.csproj", "{21E33A11-6633-4282-93B2-E7E05EB7D4CD}"
EndProject
Global
	GlobalSection(SolutionConfigurationPlatforms) = preSolution
		Debug|Any CPU = Debug|Any CPU
		Release|Any CPU = Release|Any CPU
	EndGlobalSection
	GlobalSection(ProjectConfigurationPlatforms) = postSolution
		{21E33A11-6633-4282-93B2-E7E05EB7D4CD}.Debug|Any CPU.ActiveCfg = Debug|Any CPU
		{21E33A11-6633-4282-93B2-E7E05EB7D4CD}.Debug|Any CPU.Build.0 = Debug|Any CPU
		{21E33A11-6633-4282-93B2-E7E05EB7D4CD}.Release|Any CPU.ActiveCfg = Release|Any CPU
		{21E33A11-6633-4282-93B2-E7E05EB7D4CD}.Release|Any CPU.Build.0 = Release|Any CPU
	EndGlobalSection
	GlobalSection(SolutionProperties) = preSolution
		HideSolutionNode = FALSE
	EndGlobalSection
	GlobalSection(ExtensibilityGlobals) = postSolution
		SolutionGuid = {1FDE3D1A-FE56-47BC-86D8-385A53ECCFEE}
	EndGlobalSection
EndGlobal
